
Microsoft Visual Studio Solution File, Format Version 12.00
# Visual Studio Version 16
VisualStudioVersion = 16.0.29926.136
MinimumVisualStudioVersion = 10.0.40219.1
Project("{2150E333-8FDC-42A3-9474-1A3956D46DE8}") = "Samples", "Samples", "{97752C9B-4C98-4381-9E02-C50809842F94}"
EndProject
Project("{9A19103F-16F7-4668-BE54-9A1E7A4F7556}") = "VelocityMail", "VelocityMail\VelocityMail.csproj", "{9C36754D-63BB-4D6E-B63D-DE7C9D470F91}"
EndProject
Project("{9A19103F-16F7-4668-BE54-9A1E7A4F7556}") = "VelocityMail.Tests", "VelocityMail.Tests\VelocityMail.Tests.csproj", "{960F4608-D6BA-4884-BBAA-C6F44FE99486}"
EndProject
Global
	GlobalSection(SolutionConfigurationPlatforms) = preSolution
		Debug|Any CPU = Debug|Any CPU
		Release|Any CPU = Release|Any CPU
	EndGlobalSection
	GlobalSection(ProjectConfigurationPlatforms) = postSolution
		{9C36754D-63BB-4D6E-B63D-DE7C9D470F91}.Debug|Any CPU.ActiveCfg = Debug|Any CPU
		{9C36754D-63BB-4D6E-B63D-DE7C9D470F91}.Debug|Any CPU.Build.0 = Debug|Any CPU
		{9C36754D-63BB-4D6E-B63D-DE7C9D470F91}.Release|Any CPU.ActiveCfg = Release|Any CPU
		{9C36754D-63BB-4D6E-B63D-DE7C9D470F91}.Release|Any CPU.Build.0 = Release|Any CPU
		{960F4608-D6BA-4884-BBAA-C6F44FE99486}.Debug|Any CPU.ActiveCfg = Debug|Any CPU
		{960F4608-D6BA-4884-BBAA-C6F44FE99486}.Debug|Any CPU.Build.0 = Debug|Any CPU
		{960F4608-D6BA-4884-BBAA-C6F44FE99486}.Release|Any CPU.ActiveCfg = Release|Any CPU
		{960F4608-D6BA-4884-BBAA-C6F44FE99486}.Release|Any CPU.Build.0 = Release|Any CPU
	EndGlobalSection
	GlobalSection(SolutionProperties) = preSolution
		HideSolutionNode = FALSE
	EndGlobalSection
	GlobalSection(ExtensibilityGlobals) = postSolution
		SolutionGuid = {E7F85A5D-38A2-4734-9CCC-5705B394EB55}
	EndGlobalSection
EndGlobal
