
Microsoft Visual Studio Solution File, Format Version 12.00
# Visual Studio 2013
VisualStudioVersion = 12.0.40629.0
MinimumVisualStudioVersion = 10.0.40219.1
Project("{FAE04EC0-301F-11D3-BF4B-00C04F79EFBC}") = "VelocityMail", "VelocityMail\VelocityMail.csproj", "{EC2F4227-25D2-4CFC-BE20-4F84AA924F97}"
EndProject
Project("{2150E333-8FDC-42A3-9474-1A3956D46DE8}") = "Samples", "Samples", "{86970C9C-E0D9-4CF0-B238-6B71F8C198E7}"
EndProject
Project("{FAE04EC0-301F-11D3-BF4B-00C04F79EFBC}") = "Samples.Localisation", "Samples\Samples.Localisation\Samples.Localisation.csproj", "{D33BF167-99C8-4AA8-A974-9680039F1717}"
EndProject
Project("{FAE04EC0-301F-11D3-BF4B-00C04F79EFBC}") = "Samples.SimpleService", "Samples\Samples.SimpleService\Samples.SimpleService.csproj", "{FD472BBA-A97C-4993-8D32-CD4298832939}"
EndProject
Project("{FAE04EC0-301F-11D3-BF4B-00C04F79EFBC}") = "Samples.AlternateViews", "Samples\Samples.AlternateViews\Samples.AlternateViews.csproj", "{5387F7E1-D0CF-4244-81F0-19B7F5469B26}"
EndProject
Project("{FAE04EC0-301F-11D3-BF4B-00C04F79EFBC}") = "Samples.Attachments", "Samples\Samples.Attachments\Samples.Attachments.csproj", "{23E1A9AA-2EA1-443A-87CA-39FC9B9B2ECF}"
EndProject
Project("{FAE04EC0-301F-11D3-BF4B-00C04F79EFBC}") = "Samples.Complete", "Samples\Samples.Complete\Samples.Complete.csproj", "{C55BF48F-65EB-41FE-8653-7EF3810FEFE2}"
EndProject
Project("{FAE04EC0-301F-11D3-BF4B-00C04F79EFBC}") = "VelocityMail.Tests", "VelocityMail.Tests\VelocityMail.Tests.csproj", "{7D6372BB-D259-4B99-8DCA-E2CC6D1B1FCD}"
EndProject
Global
	GlobalSection(SolutionConfigurationPlatforms) = preSolution
		Debug|Any CPU = Debug|Any CPU
		Release|Any CPU = Release|Any CPU
	EndGlobalSection
	GlobalSection(ProjectConfigurationPlatforms) = postSolution
		{EC2F4227-25D2-4CFC-BE20-4F84AA924F97}.Debug|Any CPU.ActiveCfg = Debug|Any CPU
		{EC2F4227-25D2-4CFC-BE20-4F84AA924F97}.Debug|Any CPU.Build.0 = Debug|Any CPU
		{EC2F4227-25D2-4CFC-BE20-4F84AA924F97}.Release|Any CPU.ActiveCfg = Release|Any CPU
		{EC2F4227-25D2-4CFC-BE20-4F84AA924F97}.Release|Any CPU.Build.0 = Release|Any CPU
		{D33BF167-99C8-4AA8-A974-9680039F1717}.Debug|Any CPU.ActiveCfg = Debug|Any CPU
		{D33BF167-99C8-4AA8-A974-9680039F1717}.Debug|Any CPU.Build.0 = Debug|Any CPU
		{D33BF167-99C8-4AA8-A974-9680039F1717}.Release|Any CPU.ActiveCfg = Release|Any CPU
		{D33BF167-99C8-4AA8-A974-9680039F1717}.Release|Any CPU.Build.0 = Release|Any CPU
		{FD472BBA-A97C-4993-8D32-CD4298832939}.Debug|Any CPU.ActiveCfg = Debug|Any CPU
		{FD472BBA-A97C-4993-8D32-CD4298832939}.Debug|Any CPU.Build.0 = Debug|Any CPU
		{FD472BBA-A97C-4993-8D32-CD4298832939}.Release|Any CPU.ActiveCfg = Release|Any CPU
		{FD472BBA-A97C-4993-8D32-CD4298832939}.Release|Any CPU.Build.0 = Release|Any CPU
		{5387F7E1-D0CF-4244-81F0-19B7F5469B26}.Debug|Any CPU.ActiveCfg = Debug|Any CPU
		{5387F7E1-D0CF-4244-81F0-19B7F5469B26}.Debug|Any CPU.Build.0 = Debug|Any CPU
		{5387F7E1-D0CF-4244-81F0-19B7F5469B26}.Release|Any CPU.ActiveCfg = Release|Any CPU
		{5387F7E1-D0CF-4244-81F0-19B7F5469B26}.Release|Any CPU.Build.0 = Release|Any CPU
		{23E1A9AA-2EA1-443A-87CA-39FC9B9B2ECF}.Debug|Any CPU.ActiveCfg = Debug|Any CPU
		{23E1A9AA-2EA1-443A-87CA-39FC9B9B2ECF}.Debug|Any CPU.Build.0 = Debug|Any CPU
		{23E1A9AA-2EA1-443A-87CA-39FC9B9B2ECF}.Release|Any CPU.ActiveCfg = Release|Any CPU
		{23E1A9AA-2EA1-443A-87CA-39FC9B9B2ECF}.Release|Any CPU.Build.0 = Release|Any CPU
		{C55BF48F-65EB-41FE-8653-7EF3810FEFE2}.Debug|Any CPU.ActiveCfg = Debug|Any CPU
		{C55BF48F-65EB-41FE-8653-7EF3810FEFE2}.Debug|Any CPU.Build.0 = Debug|Any CPU
		{C55BF48F-65EB-41FE-8653-7EF3810FEFE2}.Release|Any CPU.ActiveCfg = Release|Any CPU
		{C55BF48F-65EB-41FE-8653-7EF3810FEFE2}.Release|Any CPU.Build.0 = Release|Any CPU
		{7D6372BB-D259-4B99-8DCA-E2CC6D1B1FCD}.Debug|Any CPU.ActiveCfg = Debug|Any CPU
		{7D6372BB-D259-4B99-8DCA-E2CC6D1B1FCD}.Debug|Any CPU.Build.0 = Debug|Any CPU
		{7D6372BB-D259-4B99-8DCA-E2CC6D1B1FCD}.Release|Any CPU.ActiveCfg = Release|Any CPU
		{7D6372BB-D259-4B99-8DCA-E2CC6D1B1FCD}.Release|Any CPU.Build.0 = Release|Any CPU
	EndGlobalSection
	GlobalSection(SolutionProperties) = preSolution
		HideSolutionNode = FALSE
	EndGlobalSection
	GlobalSection(NestedProjects) = preSolution
		{D33BF167-99C8-4AA8-A974-9680039F1717} = {86970C9C-E0D9-4CF0-B238-6B71F8C198E7}
		{FD472BBA-A97C-4993-8D32-CD4298832939} = {86970C9C-E0D9-4CF0-B238-6B71F8C198E7}
		{5387F7E1-D0CF-4244-81F0-19B7F5469B26} = {86970C9C-E0D9-4CF0-B238-6B71F8C198E7}
		{23E1A9AA-2EA1-443A-87CA-39FC9B9B2ECF} = {86970C9C-E0D9-4CF0-B238-6B71F8C198E7}
		{C55BF48F-65EB-41FE-8653-7EF3810FEFE2} = {86970C9C-E0D9-4CF0-B238-6B71F8C198E7}
	EndGlobalSection
EndGlobal
